{
  "name": "Loader",
  "version": "1.0.0",
  "lockfileVersion": 1,
  "requires": true,
  "dependencies": {
    "@types/node": {
      "version": "14.11.1",
      "resolved": "https://registry.npm.taobao.org/@types/node/download/@types/node-14.11.1.tgz?cache=0&sync_timestamp=1600365769931&other_urls=https%3A%2F%2Fregistry.npm.taobao.org%2F%40types%2Fnode%2Fdownload%2F%40types%2Fnode-14.11.1.tgz",
      "integrity": "sha1-Vq+QKtFX52P5umPWccOc2jGTyDU="
    },
    "loader-runner": {
      "version": "4.0.0",
      "resolved": "https://registry.npm.taobao.org/loader-runner/download/loader-runner-4.0.0.tgz?cache=0&sync_timestamp=1593786187106&other_urls=https%3A%2F%2Fregistry.npm.taobao.org%2Floader-runner%2Fdownload%2Floader-runner-4.0.0.tgz",
      "integrity": "sha1-AqvP2f5v96Wus1R0ZHRsTca6Mz0="
    }
  }
}
