{
  "name": "tcp",
  "version": "1.0.0",
  "lockfileVersion": 1,
  "requires": true,
  "dependencies": {
    "@types/node": {
      "version": "14.14.7",
      "resolved": "https://registry.npm.taobao.org/@types/node/download/@types/node-14.14.7.tgz",
      "integrity": "sha1-jqHo+OriQwz0QFZLmMbfzh7FlF0=",
      "dev": true
    }
  }
}
